// !$*UTF8*$!
{
	archiveVersion = 1;
	classes = {
	};
	objectVersion = 55;
	objects = {

/* Begin PBXBuildFile section */
		4598FE13F9A140BD567EEE10 /* Pods_Prueba_Meli.framework in Frameworks */ = {isa = PBXBuildFile; fileRef = 8C6ADD10A559C8C73F354DF0 /* Pods_Prueba_Meli.framework */; };
		EB01B027287F0A4E0003BE6D /* AppDelegate.swift in Sources */ = {isa = PBXBuildFile; fileRef = EB01B026287F0A4E0003BE6D /* AppDelegate.swift */; };
		EB01B029287F0A4E0003BE6D /* SceneDelegate.swift in Sources */ = {isa = PBXBuildFile; fileRef = EB01B028287F0A4E0003BE6D /* SceneDelegate.swift */; };
		EB01B02B287F0A4E0003BE6D /* ViewController.swift in Sources */ = {isa = PBXBuildFile; fileRef = EB01B02A287F0A4E0003BE6D /* ViewController.swift */; };
		EB01B02E287F0A4E0003BE6D /* Main.storyboard in Resources */ = {isa = PBXBuildFile; fileRef = EB01B02C287F0A4E0003BE6D /* Main.storyboard */; };
		EB01B030287F0A500003BE6D /* Assets.xcassets in Resources */ = {isa = PBXBuildFile; fileRef = EB01B02F287F0A500003BE6D /* Assets.xcassets */; };
		EB01B033287F0A500003BE6D /* LaunchScreen.storyboard in Resources */ = {isa = PBXBuildFile; fileRef = EB01B031287F0A500003BE6D /* LaunchScreen.storyboard */; };
/* End PBXBuildFile section */

/* Begin PBXFileReference section */
		274946A6655FC90682D4784F /* Pods-Prueba Meli.release.xcconfig */ = {isa = PBXFileReference; includeInIndex = 1; lastKnownFileType = text.xcconfig; name = "Pods-Prueba Meli.release.xcconfig"; path = "Target Support Files/Pods-Prueba Meli/Pods-Prueba Meli.release.xcconfig"; sourceTree = "<group>"; };
		8C6ADD10A559C8C73F354DF0 /* Pods_Prueba_Meli.framework */ = {isa = PBXFileReference; explicitFileType = wrapper.framework; includeInIndex = 0; path = Pods_Prueba_Meli.framework; sourceTree = BUILT_PRODUCTS_DIR; };
		EB01B023287F0A4E0003BE6D /* Prueba Meli.app */ = {isa = PBXFileReference; explicitFileType = wrapper.application; includeInIndex = 0; path = "Prueba Meli.app"; sourceTree = BUILT_PRODUCTS_DIR; };
		EB01B026287F0A4E0003BE6D /* AppDelegate.swift */ = {isa = PBXFileReference; lastKnownFileType = sourcecode.swift; path = AppDelegate.swift; sourceTree = "<group>"; };
		EB01B028287F0A4E0003BE6D /* SceneDelegate.swift */ = {isa = PBXFileReference; lastKnownFileType = sourcecode.swift; path = SceneDelegate.swift; sourceTree = "<group>"; };
		EB01B02A287F0A4E0003BE6D /* ViewController.swift */ = {isa = PBXFileReference; lastKnownFileType = sourcecode.swift; path = ViewController.swift; sourceTree = "<group>"; };
		EB01B02D287F0A4E0003BE6D /* Base */ = {isa = PBXFileReference; lastKnownFileType = file.storyboard; name = Base; path = Base.lproj/Main.storyboard; sourceTree = "<group>"; };
		EB01B02F287F0A500003BE6D /* Assets.xcassets */ = {isa = PBXFileReference; lastKnownFileType = folder.assetcatalog; path = Assets.xcassets; sourceTree = "<group>"; };
		EB01B032287F0A500003BE6D /* Base */ = {isa = PBXFileReference; lastKnownFileType = file.storyboard; name = Base; path = Base.lproj/LaunchScreen.storyboard; sourceTree = "<group>"; };
		EB01B034287F0A510003BE6D /* Info.plist */ = {isa = PBXFileReference; lastKnownFileType = text.plist.xml; path = Info.plist; sourceTree = "<group>"; };
		F76443A2A4BB05FA63DF3F91 /* Pods-Prueba Meli.debug.xcconfig */ = {isa = PBXFileReference; includeInIndex = 1; lastKnownFileType = text.xcconfig; name = "Pods-Prueba Meli.debug.xcconfig"; path = "Target Support Files/Pods-Prueba Meli/Pods-Prueba Meli.debug.xcconfig"; sourceTree = "<group>"; };
/* End PBXFileReference section */

/* Begin PBXFrameworksBuildPhase section */
		EB01B020287F0A4E0003BE6D /* Frameworks */ = {
			isa = PBXFrameworksBuildPhase;
			buildActionMask = 2147483647;
			files = (
				4598FE13F9A140BD567EEE10 /* Pods_Prueba_Meli.framework in Frameworks */,
			);
			runOnlyForDeploymentPostprocessing = 0;
		};
/* End PBXFrameworksBuildPhase section */

/* Begin PBXGroup section */
		426EDA2B180BD3A641CDA8DF /* Pods */ = {
			isa = PBXGroup;
			children = (
				F76443A2A4BB05FA63DF3F91 /* Pods-Prueba Meli.debug.xcconfig */,
				274946A6655FC90682D4784F /* Pods-Prueba Meli.release.xcconfig */,
			);
			name = Pods;
			path = Pods;
			sourceTree = "<group>";
		};
		B2D70D1EE118E7D5DC50C13D /* Frameworks */ = {
			isa = PBXGroup;
			children = (
				8C6ADD10A559C8C73F354DF0 /* Pods_Prueba_Meli.framework */,
			);
			name = Frameworks;
			sourceTree = "<group>";
		};
		EB01B01A287F0A4E0003BE6D = {
			isa = PBXGroup;
			children = (
				EB01B025287F0A4E0003BE6D /* Prueba Meli */,
				EB01B024287F0A4E0003BE6D /* Products */,
				426EDA2B180BD3A641CDA8DF /* Pods */,
				B2D70D1EE118E7D5DC50C13D /* Frameworks */,
			);
			sourceTree = "<group>";
		};
		EB01B024287F0A4E0003BE6D /* Products */ = {
			isa = PBXGroup;
			children = (
				EB01B023287F0A4E0003BE6D /* Prueba Meli.app */,
			);
			name = Products;
			sourceTree = "<group>";
		};
		EB01B025287F0A4E0003BE6D /* Prueba Meli */ = {
			isa = PBXGroup;
			children = (
				EB01B026287F0A4E0003BE6D /* AppDelegate.swift */,
				EB01B028287F0A4E0003BE6D /* SceneDelegate.swift */,
				EB01B02A287F0A4E0003BE6D /* ViewController.swift */,
				EB01B02C287F0A4E0003BE6D /* Main.storyboard */,
				EB01B02F287F0A500003BE6D /* Assets.xcassets */,
				EB01B031287F0A500003BE6D /* LaunchScreen.storyboard */,
				EB01B034287F0A510003BE6D /* Info.plist */,
			);
			path = "Prueba Meli";
			sourceTree = "<group>";
		};
/* End PBXGroup section */

/* Begin PBXNativeTarget section */
		EB01B022287F0A4E0003BE6D /* Prueba Meli */ = {
			isa = PBXNativeTarget;
			buildConfigurationList = EB01B037287F0A510003BE6D /* Build configuration list for PBXNativeTarget "Prueba Meli" */;
			buildPhases = (
				1CBFFD7AA6D24E31372C2FCA /* [CP] Check Pods Manifest.lock */,
				EB01B01F287F0A4E0003BE6D /* Sources */,
				EB01B020287F0A4E0003BE6D /* Frameworks */,
				EB01B021287F0A4E0003BE6D /* Resources */,
			);
			buildRules = (
			);
			dependencies = (
			);
			name = "Prueba Meli";
			productName = "Prueba Meli";
			productReference = EB01B023287F0A4E0003BE6D /* Prueba Meli.app */;
			productType = "com.apple.product-type.application";
		};
/* End PBXNativeTarget section */

/* Begin PBXProject section */
		EB01B01B287F0A4E0003BE6D /* Project object */ = {
			isa = PBXProject;
			attributes = {
				BuildIndependentTargetsInParallel = 1;
				LastSwiftUpdateCheck = 1300;
				LastUpgradeCheck = 1300;
				TargetAttributes = {
					EB01B022287F0A4E0003BE6D = {
						CreatedOnToolsVersion = 13.0;
					};
				};
			};
			buildConfigurationList = EB01B01E287F0A4E0003BE6D /* Build configuration list for PBXProject "Prueba Meli" */;
			compatibilityVersion = "Xcode 13.0";
			developmentRegion = en;
			hasScannedForEncodings = 0;
			knownRegions = (
				en,
				Base,
			);
			mainGroup = EB01B01A287F0A4E0003BE6D;
			productRefGroup = EB01B024287F0A4E0003BE6D /* Products */;
			projectDirPath = "";
			projectRoot = "";
			targets = (
				EB01B022287F0A4E0003BE6D /* Prueba Meli */,
			);
		};
/* End PBXProject section */

/* Begin PBXResourcesBuildPhase section */
		EB01B021287F0A4E0003BE6D /* Resources */ = {
			isa = PBXResourcesBuildPhase;
			buildActionMask = 2147483647;
			files = (
				EB01B033287F0A500003BE6D /* LaunchScreen.storyboard in Resources */,
				EB01B030287F0A500003BE6D /* Assets.xcassets in Resources */,
				EB01B02E287F0A4E0003BE6D /* Main.storyboard in Resources */,
			);
			runOnlyForDeploymentPostprocessing = 0;
		};
/* End PBXResourcesBuildPhase section */

/* Begin PBXShellScriptBuildPhase section */
		1CBFFD7AA6D24E31372C2FCA /* [CP] Check Pods Manifest.lock */ = {
			isa = PBXShellScriptBuildPhase;
			buildActionMask = 2147483647;
			files = (
			);
			inputFileListPaths = (
			);
			inputPaths = (
				"${PODS_PODFILE_DIR_PATH}/Podfile.lock",
				"${PODS_ROOT}/Manifest.lock",
			);
			name = "[CP] Check Pods Manifest.lock";
			outputFileListPaths = (
			);
			outputPaths = (
				"$(DERIVED_FILE_DIR)/Pods-Prueba Meli-checkManifestLockResult.txt",
			);
			runOnlyForDeploymentPostprocessing = 0;
			shellPath = /bin/sh;
			shellScript = "diff \"${PODS_PODFILE_DIR_PATH}/Podfile.lock\" \"${PODS_ROOT}/Manifest.lock\" > /dev/null\nif [ $? != 0 ] ; then\n    # print error to STDERR\n    echo \"error: The sandbox is not in sync with the Podfile.lock. Run 'pod install' or update your CocoaPods installation.\" >&2\n    exit 1\nfi\n# This output is used by Xcode 'outputs' to avoid re-running this script phase.\necho \"SUCCESS\" > \"${SCRIPT_OUTPUT_FILE_0}\"\n";
			showEnvVarsInLog = 0;
		};
/* End PBXShellScriptBuildPhase section */

/* Begin PBXSourcesBuildPhase section */
		EB01B01F287F0A4E0003BE6D /* Sources */ = {
			isa = PBXSourcesBuildPhase;
			buildActionMask = 2147483647;
			files = (
				EB01B02B287F0A4E0003BE6D /* ViewController.swift in Sources */,
				EB01B027287F0A4E0003BE6D /* AppDelegate.swift in Sources */,
				EB01B029287F0A4E0003BE6D /* SceneDelegate.swift in Sources */,
			);
			runOnlyForDeploymentPostprocessing = 0;
		};
/* End PBXSourcesBuildPhase section */

/* Begin PBXVariantGroup section */
		EB01B02C287F0A4E0003BE6D /* Main.storyboard */ = {
			isa = PBXVariantGroup;
			children = (
				EB01B02D287F0A4E0003BE6D /* Base */,
			);
			name = Main.storyboard;
			sourceTree = "<group>";
		};
		EB01B031287F0A500003BE6D /* LaunchScreen.storyboard */ = {
			isa = PBXVariantGroup;
			children = (
				EB01B032287F0A500003BE6D /* Base */,
			);
			name = LaunchScreen.storyboard;
			sourceTree = "<group>";
		};
/* End PBXVariantGroup section */

/* Begin XCBuildConfiguration section */
		EB01B035287F0A510003BE6D /* Debug */ = {
			isa = XCBuildConfiguration;
			buildSettings = {
				ALWAYS_SEARCH_USER_PATHS = NO;
				CLANG_ANALYZER_NONNULL = YES;
				CLANG_ANALYZER_NUMBER_OBJECT_CONVERSION = YES_AGGRESSIVE;
				CLANG_CXX_LANGUAGE_STANDARD = "gnu++17";
				CLANG_CXX_LIBRARY = "libc++";
				CLANG_ENABLE_MODULES = YES;
				CLANG_ENABLE_OBJC_ARC = YES;
				CLANG_ENABLE_OBJC_WEAK = YES;
				CLANG_WARN_BLOCK_CAPTURE_AUTORELEASING = YES;
				CLANG_WARN_BOOL_CONVERSION = YES;
				CLANG_WARN_COMMA = YES;
				CLANG_WARN_CONSTANT_CONVERSION = YES;
				CLANG_WARN_DEPRECATED_OBJC_IMPLEMENTATIONS = YES;
				CLANG_WARN_DIRECT_OBJC_ISA_USAGE = YES_ERROR;
				CLANG_WARN_DOCUMENTATION_COMMENTS = YES;
				CLANG_WARN_EMPTY_BODY = YES;
				CLANG_WARN_ENUM_CONVERSION = YES;
				CLANG_WARN_INFINITE_RECURSION = YES;
				CLANG_WARN_INT_CONVERSION = YES;
				CLANG_WARN_NON_LITERAL_NULL_CONVERSION = YES;
				CLANG_WARN_OBJC_IMPLICIT_RETAIN_SELF = YES;
				CLANG_WARN_OBJC_LITERAL_CONVERSION = YES;
				CLANG_WARN_OBJC_ROOT_CLASS = YES_ERROR;
				CLANG_WARN_QUOTED_INCLUDE_IN_FRAMEWORK_HEADER = YES;
				CLANG_WARN_RANGE_LOOP_ANALYSIS = YES;
				CLANG_WARN_STRICT_PROTOTYPES = YES;
				CLANG_WARN_SUSPICIOUS_MOVE = YES;
				CLANG_WARN_UNGUARDED_AVAILABILITY = YES_AGGRESSIVE;
				CLANG_WARN_UNREACHABLE_CODE = YES;
				CLANG_WARN__DUPLICATE_METHOD_MATCH = YES;
				COPY_PHASE_STRIP = NO;
				DEBUG_INFORMATION_FORMAT = dwarf;
				ENABLE_STRICT_OBJC_MSGSEND = YES;
				ENABLE_TESTABILITY = YES;
				GCC_C_LANGUAGE_STANDARD = gnu11;
				GCC_DYNAMIC_NO_PIC = NO;
				GCC_NO_COMMON_BLOCKS = YES;
				GCC_OPTIMIZATION_LEVEL = 0;
				GCC_PREPROCESSOR_DEFINITIONS = (
					"DEBUG=1",
					"$(inherited)",
				);
				GCC_WARN_64_TO_32_BIT_CONVERSION = YES;
				GCC_WARN_ABOUT_RETURN_TYPE = YES_ERROR;
				GCC_WARN_UNDECLARED_SELECTOR = YES;
				GCC_WARN_UNINITIALIZED_AUTOS = YES_AGGRESSIVE;
				GCC_WARN_UNUSED_FUNCTION = YES;
				GCC_WARN_UNUSED_VARIABLE = YES;
				IPHONEOS_DEPLOYMENT_TARGET = 15.0;
				MTL_ENABLE_DEBUG_INFO = INCLUDE_SOURCE;
				MTL_FAST_MATH = YES;
				ONLY_ACTIVE_ARCH = YES;
				SDKROOT = iphoneos;
				SWIFT_ACTIVE_COMPILATION_CONDITIONS = DEBUG;
				SWIFT_OPTIMIZATION_LEVEL = "-Onone";
			};
			name = Debug;
		};
		EB01B036287F0A510003BE6D /* Release */ = {
			isa = XCBuildConfiguration;
			buildSettings = {
				ALWAYS_SEARCH_USER_PATHS = NO;
				CLANG_ANALYZER_NONNULL = YES;
				CLANG_ANALYZER_NUMBER_OBJECT_CONVERSION = YES_AGGRESSIVE;
				CLANG_CXX_LANGUAGE_STANDARD = "gnu++17";
				CLANG_CXX_LIBRARY = "libc++";
				CLANG_ENABLE_MODULES = YES;
				CLANG_ENABLE_OBJC_ARC = YES;
				CLANG_ENABLE_OBJC_WEAK = YES;
				CLANG_WARN_BLOCK_CAPTURE_AUTORELEASING = YES;
				CLANG_WARN_BOOL_CONVERSION = YES;
				CLANG_WARN_COMMA = YES;
				CLANG_WARN_CONSTANT_CONVERSION = YES;
				CLANG_WARN_DEPRECATED_OBJC_IMPLEMENTATIONS = YES;
				CLANG_WARN_DIRECT_OBJC_ISA_USAGE = YES_ERROR;
				CLANG_WARN_DOCUMENTATION_COMMENTS = YES;
				CLANG_WARN_EMPTY_BODY = YES;
				CLANG_WARN_ENUM_CONVERSION = YES;
				CLANG_WARN_INFINITE_RECURSION = YES;
				CLANG_WARN_INT_CONVERSION = YES;
				CLANG_WARN_NON_LITERAL_NULL_CONVERSION = YES;
				CLANG_WARN_OBJC_IMPLICIT_RETAIN_SELF = YES;
				CLANG_WARN_OBJC_LITERAL_CONVERSION = YES;
				CLANG_WARN_OBJC_ROOT_CLASS = YES_ERROR;
				CLANG_WARN_QUOTED_INCLUDE_IN_FRAMEWORK_HEADER = YES;
				CLANG_WARN_RANGE_LOOP_ANALYSIS = YES;
				CLANG_WARN_STRICT_PROTOTYPES = YES;
				CLANG_WARN_SUSPICIOUS_MOVE = YES;
				CLANG_WARN_UNGUARDED_AVAILABILITY = YES_AGGRESSIVE;
				CLANG_WARN_UNREACHABLE_CODE = YES;
				CLANG_WARN__DUPLICATE_METHOD_MATCH = YES;
				COPY_PHASE_STRIP = NO;
				DEBUG_INFORMATION_FORMAT = "dwarf-with-dsym";
				ENABLE_NS_ASSERTIONS = NO;
				ENABLE_STRICT_OBJC_MSGSEND = YES;
				GCC_C_LANGUAGE_STANDARD = gnu11;
				GCC_NO_COMMON_BLOCKS = YES;
				GCC_WARN_64_TO_32_BIT_CONVERSION = YES;
				GCC_WARN_ABOUT_RETURN_TYPE = YES_ERROR;
				GCC_WARN_UNDECLARED_SELECTOR = YES;
				GCC_WARN_UNINITIALIZED_AUTOS = YES_AGGRESSIVE;
				GCC_WARN_UNUSED_FUNCTION = YES;
				GCC_WARN_UNUSED_VARIABLE = YES;
				IPHONEOS_DEPLOYMENT_TARGET = 15.0;
				MTL_ENABLE_DEBUG_INFO = NO;
				MTL_FAST_MATH = YES;
				SDKROOT = iphoneos;
				SWIFT_COMPILATION_MODE = wholemodule;
				SWIFT_OPTIMIZATION_LEVEL = "-O";
				VALIDATE_PRODUCT = YES;
			};
			name = Release;
		};
		EB01B038287F0A510003BE6D /* Debug */ = {
			isa = XCBuildConfiguration;
			baseConfigurationReference = F76443A2A4BB05FA63DF3F91 /* Pods-Prueba Meli.debug.xcconfig */;
			buildSettings = {
				ASSETCATALOG_COMPILER_APPICON_NAME = AppIcon;
				ASSETCATALOG_COMPILER_GLOBAL_ACCENT_COLOR_NAME = AccentColor;
				CODE_SIGN_STYLE = Automatic;
				CURRENT_PROJECT_VERSION = 1;
				GENERATE_INFOPLIST_FILE = YES;
				INFOPLIST_FILE = "Prueba Meli/Info.plist";
				INFOPLIST_KEY_UIApplicationSupportsIndirectInputEvents = YES;
				INFOPLIST_KEY_UILaunchStoryboardName = LaunchScreen;
				INFOPLIST_KEY_UIMainStoryboardFile = Main;
				INFOPLIST_KEY_UISupportedInterfaceOrientations_iPad = "UIInterfaceOrientationPortrait UIInterfaceOrientationPortraitUpsideDown UIInterfaceOrientationLandscapeLeft UIInterfaceOrientationLandscapeRight";
				INFOPLIST_KEY_UISupportedInterfaceOrientations_iPhone = "UIInterfaceOrientationPortrait UIInterfaceOrientationLandscapeLeft UIInterfaceOrientationLandscapeRight";
				LD_RUNPATH_SEARCH_PATHS = (
					"$(inherited)",
					"@executable_path/Frameworks",
				);
				MARKETING_VERSION = 1.0;
				PRODUCT_BUNDLE_IDENTIFIER = "Valentina.Prueba-Meli";
				PRODUCT_NAME = "$(TARGET_NAME)";
				SWIFT_EMIT_LOC_STRINGS = YES;
				SWIFT_VERSION = 5.0;
				TARGETED_DEVICE_FAMILY = "1,2";
			};
			name = Debug;
		};
		EB01B039287F0A510003BE6D /* Release */ = {
			isa = XCBuildConfiguration;
			baseConfigurationReference = 274946A6655FC90682D4784F /* Pods-Prueba Meli.release.xcconfig */;
			buildSettings = {
				ASSETCATALOG_COMPILER_APPICON_NAME = AppIcon;
				ASSETCATALOG_COMPILER_GLOBAL_ACCENT_COLOR_NAME = AccentColor;
				CODE_SIGN_STYLE = Automatic;
				CURRENT_PROJECT_VERSION = 1;
				GENERATE_INFOPLIST_FILE = YES;
				INFOPLIST_FILE = "Prueba Meli/Info.plist";
				INFOPLIST_KEY_UIApplicationSupportsIndirectInputEvents = YES;
				INFOPLIST_KEY_UILaunchStoryboardName = LaunchScreen;
				INFOPLIST_KEY_UIMainStoryboardFile = Main;
				INFOPLIST_KEY_UISupportedInterfaceOrientations_iPad = "UIInterfaceOrientationPortrait UIInterfaceOrientationPortraitUpsideDown UIInterfaceOrientationLandscapeLeft UIInterfaceOrientationLandscapeRight";
				INFOPLIST_KEY_UISupportedInterfaceOrientations_iPhone = "UIInterfaceOrientationPortrait UIInterfaceOrientationLandscapeLeft UIInterfaceOrientationLandscapeRight";
				LD_RUNPATH_SEARCH_PATHS = (
					"$(inherited)",
					"@executable_path/Frameworks",
				);
				MARKETING_VERSION = 1.0;
				PRODUCT_BUNDLE_IDENTIFIER = "Valentina.Prueba-Meli";
				PRODUCT_NAME = "$(TARGET_NAME)";
				SWIFT_EMIT_LOC_STRINGS = YES;
				SWIFT_VERSION = 5.0;
				TARGETED_DEVICE_FAMILY = "1,2";
			};
			name = Release;
		};
/* End XCBuildConfiguration section */

/* Begin XCConfigurationList section */
		EB01B01E287F0A4E0003BE6D /* Build configuration list for PBXProject "Prueba Meli" */ = {
			isa = XCConfigurationList;
			buildConfigurations = (
				EB01B035287F0A510003BE6D /* Debug */,
				EB01B036287F0A510003BE6D /* Release */,
			);
			defaultConfigurationIsVisible = 0;
			defaultConfigurationName = Release;
		};
		EB01B037287F0A510003BE6D /* Build configuration list for PBXNativeTarget "Prueba Meli" */ = {
			isa = XCConfigurationList;
			buildConfigurations = (
				EB01B038287F0A510003BE6D /* Debug */,
				EB01B039287F0A510003BE6D /* Release */,
			);
			defaultConfigurationIsVisible = 0;
			defaultConfigurationName = Release;
		};
/* End XCConfigurationList section */
	};
	rootObject = EB01B01B287F0A4E0003BE6D /* Project object */;
}
