// !$*UTF8*$!
{
	archiveVersion = 1;
	classes = {
	};
	objectVersion = 55;
	objects = {

/* Begin PBXBuildFile section */
		4598FE13F9A140BD567EEE10 /* Pods_Prueba_Meli.framework in Frameworks */ = {isa = PBXBuildFile; fileRef = 8C6ADD10A559C8C73F354DF0 /* Pods_Prueba_Meli.framework */; };
		EB01B027287F0A4E0003BE6D /* AppDelegate.swift in Sources */ = {isa = PBXBuildFile; fileRef = EB01B026287F0A4E0003BE6D /* AppDelegate.swift */; };
		EB01B029287F0A4E0003BE6D /* SceneDelegate.swift in Sources */ = {isa = PBXBuildFile; fileRef = EB01B028287F0A4E0003BE6D /* SceneDelegate.swift */; };
		EB01B030287F0A500003BE6D /* Assets.xcassets in Resources */ = {isa = PBXBuildFile; fileRef = EB01B02F287F0A500003BE6D /* Assets.xcassets */; };
		EB01B033287F0A500003BE6D /* LaunchScreen.storyboard in Resources */ = {isa = PBXBuildFile; fileRef = EB01B031287F0A500003BE6D /* LaunchScreen.storyboard */; };
		EB01B040288070BD0003BE6D /* HomeViewController.swift in Sources */ = {isa = PBXBuildFile; fileRef = EB01B03F288070BD0003BE6D /* HomeViewController.swift */; };
		EB01B042288070D80003BE6D /* HomeViewController.storyboard in Resources */ = {isa = PBXBuildFile; fileRef = EB01B041288070D80003BE6D /* HomeViewController.storyboard */; };
		EB01B044288071220003BE6D /* HomeViewModel.swift in Sources */ = {isa = PBXBuildFile; fileRef = EB01B043288071220003BE6D /* HomeViewModel.swift */; };
		EB01B0462880713A0003BE6D /* HomeRouter.swift in Sources */ = {isa = PBXBuildFile; fileRef = EB01B0452880713A0003BE6D /* HomeRouter.swift */; };
		EB01B049288075AB0003BE6D /* HomeProtocols.swift in Sources */ = {isa = PBXBuildFile; fileRef = EB01B048288075AB0003BE6D /* HomeProtocols.swift */; };
		EB01B04E28807AF50003BE6D /* UIViewController+Extension.swift in Sources */ = {isa = PBXBuildFile; fileRef = EB01B04D28807AF50003BE6D /* UIViewController+Extension.swift */; };
		EB01B0532880BD810003BE6D /* ProductTableViewCell.swift in Sources */ = {isa = PBXBuildFile; fileRef = EB01B0512880BD810003BE6D /* ProductTableViewCell.swift */; };
		EB01B0542880BD810003BE6D /* ProductTableViewCell.xib in Resources */ = {isa = PBXBuildFile; fileRef = EB01B0522880BD810003BE6D /* ProductTableViewCell.xib */; };
		EB07C9732884CDFD0039F7DD /* Double+Extension.swift in Sources */ = {isa = PBXBuildFile; fileRef = EB07C9722884CDFD0039F7DD /* Double+Extension.swift */; };
		EB07C97A2885C7EC0039F7DD /* SearchRouter.swift in Sources */ = {isa = PBXBuildFile; fileRef = EB07C9792885C7EC0039F7DD /* SearchRouter.swift */; };
		EB07C97C2885C8010039F7DD /* SearchViewModel.swift in Sources */ = {isa = PBXBuildFile; fileRef = EB07C97B2885C8010039F7DD /* SearchViewModel.swift */; };
		EB07C97E2885C81C0039F7DD /* SearchViewController.swift in Sources */ = {isa = PBXBuildFile; fileRef = EB07C97D2885C81C0039F7DD /* SearchViewController.swift */; };
		EB07C9802885C8430039F7DD /* SearchProtocols.swift in Sources */ = {isa = PBXBuildFile; fileRef = EB07C97F2885C8430039F7DD /* SearchProtocols.swift */; };
		EB07C9872885F6BD0039F7DD /* SearchViewController.storyboard in Resources */ = {isa = PBXBuildFile; fileRef = EB07C9862885F6BD0039F7DD /* SearchViewController.storyboard */; };
		EB2C0DDA28821F4500FE7126 /* MeliNetworkManager.swift in Sources */ = {isa = PBXBuildFile; fileRef = EB2C0DD928821F4500FE7126 /* MeliNetworkManager.swift */; };
		EB2C0DDC28821F7D00FE7126 /* Services.swift in Sources */ = {isa = PBXBuildFile; fileRef = EB2C0DDB28821F7D00FE7126 /* Services.swift */; };
		EB2C0DDE28821F9400FE7126 /* EndPointType.swift in Sources */ = {isa = PBXBuildFile; fileRef = EB2C0DDD28821F9400FE7126 /* EndPointType.swift */; };
		EB2C0DE028821FC000FE7126 /* ErrorType.swift in Sources */ = {isa = PBXBuildFile; fileRef = EB2C0DDF28821FC000FE7126 /* ErrorType.swift */; };
		EB2C0DE32882333300FE7126 /* ResponseMeli.swift in Sources */ = {isa = PBXBuildFile; fileRef = EB2C0DE22882333300FE7126 /* ResponseMeli.swift */; };
		EB2C0DE52882346F00FE7126 /* Product.swift in Sources */ = {isa = PBXBuildFile; fileRef = EB2C0DE42882346F00FE7126 /* Product.swift */; };
		EB2C0DE728832F7700FE7126 /* UIImageView+Extension.swift in Sources */ = {isa = PBXBuildFile; fileRef = EB2C0DE628832F7700FE7126 /* UIImageView+Extension.swift */; };
		EB2C0DE9288390F600FE7126 /* UINavigationController+Extension.swift in Sources */ = {isa = PBXBuildFile; fileRef = EB2C0DE8288390F600FE7126 /* UINavigationController+Extension.swift */; };
		EB3FD6EE288F338900D39B04 /* RecordViewModel.swift in Sources */ = {isa = PBXBuildFile; fileRef = EB3FD6ED288F338900D39B04 /* RecordViewModel.swift */; };
		EB3FD6F0288F33C200D39B04 /* RecordRouter.swift in Sources */ = {isa = PBXBuildFile; fileRef = EB3FD6EF288F33C200D39B04 /* RecordRouter.swift */; };
		EB3FD6F2288F340B00D39B04 /* RecordViewController.storyboard in Resources */ = {isa = PBXBuildFile; fileRef = EB3FD6F1288F340B00D39B04 /* RecordViewController.storyboard */; };
		EB3FD6F4288F343600D39B04 /* RecordViewController.swift in Sources */ = {isa = PBXBuildFile; fileRef = EB3FD6F3288F343600D39B04 /* RecordViewController.swift */; };
		EB3FD6F6288F347F00D39B04 /* RecordTableViewCell.xib in Resources */ = {isa = PBXBuildFile; fileRef = EB3FD6F5288F347F00D39B04 /* RecordTableViewCell.xib */; };
		EB3FD6F8288F34B000D39B04 /* RecordTableViewCell.swift in Sources */ = {isa = PBXBuildFile; fileRef = EB3FD6F7288F34B000D39B04 /* RecordTableViewCell.swift */; };
		EB3FD6FA288F34DD00D39B04 /* RecordProtocols.swift in Sources */ = {isa = PBXBuildFile; fileRef = EB3FD6F9288F34DD00D39B04 /* RecordProtocols.swift */; };
		EB3FD6FC288F352100D39B04 /* ProductDetailRouter.swift in Sources */ = {isa = PBXBuildFile; fileRef = EB3FD6FB288F352100D39B04 /* ProductDetailRouter.swift */; };
		EB3FD6FE288F355400D39B04 /* ProductDetailViewModel.swift in Sources */ = {isa = PBXBuildFile; fileRef = EB3FD6FD288F355400D39B04 /* ProductDetailViewModel.swift */; };
		EB3FD700288F358E00D39B04 /* ProductDetailProtocols.swift in Sources */ = {isa = PBXBuildFile; fileRef = EB3FD6FF288F358E00D39B04 /* ProductDetailProtocols.swift */; };
		EB3FD702288F35B300D39B04 /* ProductDetailViewController.swift in Sources */ = {isa = PBXBuildFile; fileRef = EB3FD701288F35B300D39B04 /* ProductDetailViewController.swift */; };
		EB3FD704288F35CF00D39B04 /* ProductDetailViewController.storyboard in Resources */ = {isa = PBXBuildFile; fileRef = EB3FD703288F35CF00D39B04 /* ProductDetailViewController.storyboard */; };
		EB3FD707289042C700D39B04 /* HelperRecord.swift in Sources */ = {isa = PBXBuildFile; fileRef = EB3FD706289042C700D39B04 /* HelperRecord.swift */; };
		EB3FD70928904D1600D39B04 /* Array+extension.swift in Sources */ = {isa = PBXBuildFile; fileRef = EB3FD70828904D1600D39B04 /* Array+extension.swift */; };
/* End PBXBuildFile section */

/* Begin PBXFileReference section */
		274946A6655FC90682D4784F /* Pods-Prueba Meli.release.xcconfig */ = {isa = PBXFileReference; includeInIndex = 1; lastKnownFileType = text.xcconfig; name = "Pods-Prueba Meli.release.xcconfig"; path = "Target Support Files/Pods-Prueba Meli/Pods-Prueba Meli.release.xcconfig"; sourceTree = "<group>"; };
		8C6ADD10A559C8C73F354DF0 /* Pods_Prueba_Meli.framework */ = {isa = PBXFileReference; explicitFileType = wrapper.framework; includeInIndex = 0; path = Pods_Prueba_Meli.framework; sourceTree = BUILT_PRODUCTS_DIR; };
		EB01B023287F0A4E0003BE6D /* Prueba Meli.app */ = {isa = PBXFileReference; explicitFileType = wrapper.application; includeInIndex = 0; path = "Prueba Meli.app"; sourceTree = BUILT_PRODUCTS_DIR; };
		EB01B026287F0A4E0003BE6D /* AppDelegate.swift */ = {isa = PBXFileReference; lastKnownFileType = sourcecode.swift; path = AppDelegate.swift; sourceTree = "<group>"; };
		EB01B028287F0A4E0003BE6D /* SceneDelegate.swift */ = {isa = PBXFileReference; lastKnownFileType = sourcecode.swift; path = SceneDelegate.swift; sourceTree = "<group>"; };
		EB01B02F287F0A500003BE6D /* Assets.xcassets */ = {isa = PBXFileReference; lastKnownFileType = folder.assetcatalog; path = Assets.xcassets; sourceTree = "<group>"; };
		EB01B032287F0A500003BE6D /* Base */ = {isa = PBXFileReference; lastKnownFileType = file.storyboard; name = Base; path = Base.lproj/LaunchScreen.storyboard; sourceTree = "<group>"; };
		EB01B034287F0A510003BE6D /* Info.plist */ = {isa = PBXFileReference; lastKnownFileType = text.plist.xml; path = Info.plist; sourceTree = "<group>"; };
		EB01B03F288070BD0003BE6D /* HomeViewController.swift */ = {isa = PBXFileReference; lastKnownFileType = sourcecode.swift; path = HomeViewController.swift; sourceTree = "<group>"; };
		EB01B041288070D80003BE6D /* HomeViewController.storyboard */ = {isa = PBXFileReference; lastKnownFileType = file.storyboard; path = HomeViewController.storyboard; sourceTree = "<group>"; };
		EB01B043288071220003BE6D /* HomeViewModel.swift */ = {isa = PBXFileReference; lastKnownFileType = sourcecode.swift; path = HomeViewModel.swift; sourceTree = "<group>"; };
		EB01B0452880713A0003BE6D /* HomeRouter.swift */ = {isa = PBXFileReference; lastKnownFileType = sourcecode.swift; path = HomeRouter.swift; sourceTree = "<group>"; };
		EB01B048288075AB0003BE6D /* HomeProtocols.swift */ = {isa = PBXFileReference; lastKnownFileType = sourcecode.swift; path = HomeProtocols.swift; sourceTree = "<group>"; };
		EB01B04D28807AF50003BE6D /* UIViewController+Extension.swift */ = {isa = PBXFileReference; lastKnownFileType = sourcecode.swift; path = "UIViewController+Extension.swift"; sourceTree = "<group>"; };
		EB01B0512880BD810003BE6D /* ProductTableViewCell.swift */ = {isa = PBXFileReference; lastKnownFileType = sourcecode.swift; path = ProductTableViewCell.swift; sourceTree = "<group>"; };
		EB01B0522880BD810003BE6D /* ProductTableViewCell.xib */ = {isa = PBXFileReference; lastKnownFileType = file.xib; path = ProductTableViewCell.xib; sourceTree = "<group>"; };
		EB07C9722884CDFD0039F7DD /* Double+Extension.swift */ = {isa = PBXFileReference; lastKnownFileType = sourcecode.swift; path = "Double+Extension.swift"; sourceTree = "<group>"; };
		EB07C9792885C7EC0039F7DD /* SearchRouter.swift */ = {isa = PBXFileReference; lastKnownFileType = sourcecode.swift; path = SearchRouter.swift; sourceTree = "<group>"; };
		EB07C97B2885C8010039F7DD /* SearchViewModel.swift */ = {isa = PBXFileReference; lastKnownFileType = sourcecode.swift; path = SearchViewModel.swift; sourceTree = "<group>"; };
		EB07C97D2885C81C0039F7DD /* SearchViewController.swift */ = {isa = PBXFileReference; lastKnownFileType = sourcecode.swift; path = SearchViewController.swift; sourceTree = "<group>"; };
		EB07C97F2885C8430039F7DD /* SearchProtocols.swift */ = {isa = PBXFileReference; lastKnownFileType = sourcecode.swift; path = SearchProtocols.swift; sourceTree = "<group>"; };
		EB07C9862885F6BD0039F7DD /* SearchViewController.storyboard */ = {isa = PBXFileReference; lastKnownFileType = file.storyboard; path = SearchViewController.storyboard; sourceTree = "<group>"; };
		EB2C0DD928821F4500FE7126 /* MeliNetworkManager.swift */ = {isa = PBXFileReference; lastKnownFileType = sourcecode.swift; path = MeliNetworkManager.swift; sourceTree = "<group>"; };
		EB2C0DDB28821F7D00FE7126 /* Services.swift */ = {isa = PBXFileReference; lastKnownFileType = sourcecode.swift; path = Services.swift; sourceTree = "<group>"; };
		EB2C0DDD28821F9400FE7126 /* EndPointType.swift */ = {isa = PBXFileReference; lastKnownFileType = sourcecode.swift; path = EndPointType.swift; sourceTree = "<group>"; };
		EB2C0DDF28821FC000FE7126 /* ErrorType.swift */ = {isa = PBXFileReference; lastKnownFileType = sourcecode.swift; path = ErrorType.swift; sourceTree = "<group>"; };
		EB2C0DE22882333300FE7126 /* ResponseMeli.swift */ = {isa = PBXFileReference; lastKnownFileType = sourcecode.swift; path = ResponseMeli.swift; sourceTree = "<group>"; };
		EB2C0DE42882346F00FE7126 /* Product.swift */ = {isa = PBXFileReference; lastKnownFileType = sourcecode.swift; path = Product.swift; sourceTree = "<group>"; };
		EB2C0DE628832F7700FE7126 /* UIImageView+Extension.swift */ = {isa = PBXFileReference; lastKnownFileType = sourcecode.swift; path = "UIImageView+Extension.swift"; sourceTree = "<group>"; };
		EB2C0DE8288390F600FE7126 /* UINavigationController+Extension.swift */ = {isa = PBXFileReference; lastKnownFileType = sourcecode.swift; path = "UINavigationController+Extension.swift"; sourceTree = "<group>"; };
		EB3FD6ED288F338900D39B04 /* RecordViewModel.swift */ = {isa = PBXFileReference; fileEncoding = 4; lastKnownFileType = sourcecode.swift; path = RecordViewModel.swift; sourceTree = "<group>"; };
		EB3FD6EF288F33C200D39B04 /* RecordRouter.swift */ = {isa = PBXFileReference; fileEncoding = 4; lastKnownFileType = sourcecode.swift; path = RecordRouter.swift; sourceTree = "<group>"; };
		EB3FD6F1288F340B00D39B04 /* RecordViewController.storyboard */ = {isa = PBXFileReference; fileEncoding = 4; lastKnownFileType = file.storyboard; path = RecordViewController.storyboard; sourceTree = "<group>"; };
		EB3FD6F3288F343600D39B04 /* RecordViewController.swift */ = {isa = PBXFileReference; fileEncoding = 4; lastKnownFileType = sourcecode.swift; name = RecordViewController.swift; path = "Prueba Meli/Modules/Record/View/RecordViewController.swift"; sourceTree = SOURCE_ROOT; };
		EB3FD6F5288F347F00D39B04 /* RecordTableViewCell.xib */ = {isa = PBXFileReference; fileEncoding = 4; lastKnownFileType = file.xib; path = RecordTableViewCell.xib; sourceTree = "<group>"; };
		EB3FD6F7288F34B000D39B04 /* RecordTableViewCell.swift */ = {isa = PBXFileReference; fileEncoding = 4; lastKnownFileType = sourcecode.swift; path = RecordTableViewCell.swift; sourceTree = "<group>"; };
		EB3FD6F9288F34DD00D39B04 /* RecordProtocols.swift */ = {isa = PBXFileReference; fileEncoding = 4; lastKnownFileType = sourcecode.swift; path = RecordProtocols.swift; sourceTree = "<group>"; };
		EB3FD6FB288F352100D39B04 /* ProductDetailRouter.swift */ = {isa = PBXFileReference; fileEncoding = 4; lastKnownFileType = sourcecode.swift; path = ProductDetailRouter.swift; sourceTree = "<group>"; };
		EB3FD6FD288F355400D39B04 /* ProductDetailViewModel.swift */ = {isa = PBXFileReference; fileEncoding = 4; lastKnownFileType = sourcecode.swift; path = ProductDetailViewModel.swift; sourceTree = "<group>"; };
		EB3FD6FF288F358E00D39B04 /* ProductDetailProtocols.swift */ = {isa = PBXFileReference; fileEncoding = 4; lastKnownFileType = sourcecode.swift; path = ProductDetailProtocols.swift; sourceTree = "<group>"; };
		EB3FD701288F35B300D39B04 /* ProductDetailViewController.swift */ = {isa = PBXFileReference; fileEncoding = 4; lastKnownFileType = sourcecode.swift; path = ProductDetailViewController.swift; sourceTree = "<group>"; };
		EB3FD703288F35CF00D39B04 /* ProductDetailViewController.storyboard */ = {isa = PBXFileReference; fileEncoding = 4; lastKnownFileType = file.storyboard; path = ProductDetailViewController.storyboard; sourceTree = "<group>"; };
		EB3FD706289042C700D39B04 /* HelperRecord.swift */ = {isa = PBXFileReference; lastKnownFileType = sourcecode.swift; path = HelperRecord.swift; sourceTree = "<group>"; };
		EB3FD70828904D1600D39B04 /* Array+extension.swift */ = {isa = PBXFileReference; lastKnownFileType = sourcecode.swift; path = "Array+extension.swift"; sourceTree = "<group>"; };
		F76443A2A4BB05FA63DF3F91 /* Pods-Prueba Meli.debug.xcconfig */ = {isa = PBXFileReference; includeInIndex = 1; lastKnownFileType = text.xcconfig; name = "Pods-Prueba Meli.debug.xcconfig"; path = "Target Support Files/Pods-Prueba Meli/Pods-Prueba Meli.debug.xcconfig"; sourceTree = "<group>"; };
/* End PBXFileReference section */

/* Begin PBXFrameworksBuildPhase section */
		EB01B020287F0A4E0003BE6D /* Frameworks */ = {
			isa = PBXFrameworksBuildPhase;
			buildActionMask = 2147483647;
			files = (
				4598FE13F9A140BD567EEE10 /* Pods_Prueba_Meli.framework in Frameworks */,
			);
			runOnlyForDeploymentPostprocessing = 0;
		};
/* End PBXFrameworksBuildPhase section */

/* Begin PBXGroup section */
		426EDA2B180BD3A641CDA8DF /* Pods */ = {
			isa = PBXGroup;
			children = (
				F76443A2A4BB05FA63DF3F91 /* Pods-Prueba Meli.debug.xcconfig */,
				274946A6655FC90682D4784F /* Pods-Prueba Meli.release.xcconfig */,
			);
			path = Pods;
			sourceTree = "<group>";
		};
		B2D70D1EE118E7D5DC50C13D /* Frameworks */ = {
			isa = PBXGroup;
			children = (
				8C6ADD10A559C8C73F354DF0 /* Pods_Prueba_Meli.framework */,
			);
			name = Frameworks;
			sourceTree = "<group>";
		};
		EB01B01A287F0A4E0003BE6D = {
			isa = PBXGroup;
			children = (
				EB01B025287F0A4E0003BE6D /* Prueba Meli */,
				EB01B024287F0A4E0003BE6D /* Products */,
				426EDA2B180BD3A641CDA8DF /* Pods */,
				B2D70D1EE118E7D5DC50C13D /* Frameworks */,
			);
			sourceTree = "<group>";
		};
		EB01B024287F0A4E0003BE6D /* Products */ = {
			isa = PBXGroup;
			children = (
				EB01B023287F0A4E0003BE6D /* Prueba Meli.app */,
			);
			name = Products;
			sourceTree = "<group>";
		};
		EB01B025287F0A4E0003BE6D /* Prueba Meli */ = {
			isa = PBXGroup;
			children = (
				EB01B04A28807A180003BE6D /* Common */,
				EB01B03A28806F560003BE6D /* Modules */,
				EB01B026287F0A4E0003BE6D /* AppDelegate.swift */,
				EB01B028287F0A4E0003BE6D /* SceneDelegate.swift */,
				EB01B02F287F0A500003BE6D /* Assets.xcassets */,
				EB01B031287F0A500003BE6D /* LaunchScreen.storyboard */,
				EB01B034287F0A510003BE6D /* Info.plist */,
			);
			path = "Prueba Meli";
			sourceTree = "<group>";
		};
		EB01B03A28806F560003BE6D /* Modules */ = {
			isa = PBXGroup;
			children = (
				EB01B03B28806F6A0003BE6D /* Home */,
				EB07C9742885C7770039F7DD /* Search */,
				EB2C0DF82883AC5A00FE7126 /* ProductDetail */,
				EB07C9922887A5AB0039F7DD /* Record */,
			);
			path = Modules;
			sourceTree = "<group>";
		};
		EB01B03B28806F6A0003BE6D /* Home */ = {
			isa = PBXGroup;
			children = (
				EB01B047288075880003BE6D /* Protocols */,
				EB01B03C28806FC50003BE6D /* View */,
				EB01B03D28806FD10003BE6D /* ViewModel */,
				EB01B03E28806FDA0003BE6D /* Router */,
			);
			path = Home;
			sourceTree = "<group>";
		};
		EB01B03C28806FC50003BE6D /* View */ = {
			isa = PBXGroup;
			children = (
				EB01B03F288070BD0003BE6D /* HomeViewController.swift */,
				EB01B041288070D80003BE6D /* HomeViewController.storyboard */,
			);
			path = View;
			sourceTree = "<group>";
		};
		EB01B03D28806FD10003BE6D /* ViewModel */ = {
			isa = PBXGroup;
			children = (
				EB01B043288071220003BE6D /* HomeViewModel.swift */,
			);
			path = ViewModel;
			sourceTree = "<group>";
		};
		EB01B03E28806FDA0003BE6D /* Router */ = {
			isa = PBXGroup;
			children = (
				EB01B0452880713A0003BE6D /* HomeRouter.swift */,
			);
			path = Router;
			sourceTree = "<group>";
		};
		EB01B047288075880003BE6D /* Protocols */ = {
			isa = PBXGroup;
			children = (
				EB01B048288075AB0003BE6D /* HomeProtocols.swift */,
			);
			path = Protocols;
			sourceTree = "<group>";
		};
		EB01B04A28807A180003BE6D /* Common */ = {
			isa = PBXGroup;
			children = (
				EB3FD70A2890D96000D39B04 /* Appearance */,
				EB3FD7052890425100D39B04 /* Helper */,
				EB2C0DE12882330800FE7126 /* Models */,
				EB2C0DD528821E4100FE7126 /* NetworkManagers */,
				EB01B04F2880A4D70003BE6D /* Extension */,
			);
			path = Common;
			sourceTree = "<group>";
		};
		EB01B04F2880A4D70003BE6D /* Extension */ = {
			isa = PBXGroup;
			children = (
				EB01B04D28807AF50003BE6D /* UIViewController+Extension.swift */,
				EB2C0DE628832F7700FE7126 /* UIImageView+Extension.swift */,
				EB2C0DE8288390F600FE7126 /* UINavigationController+Extension.swift */,
				EB07C9722884CDFD0039F7DD /* Double+Extension.swift */,
				EB3FD70828904D1600D39B04 /* Array+extension.swift */,
			);
			path = Extension;
			sourceTree = "<group>";
		};
		EB01B0502880BD270003BE6D /* ProductTableViewCell */ = {
			isa = PBXGroup;
			children = (
				EB01B0512880BD810003BE6D /* ProductTableViewCell.swift */,
				EB01B0522880BD810003BE6D /* ProductTableViewCell.xib */,
			);
			path = ProductTableViewCell;
			sourceTree = "<group>";
		};
		EB07C9742885C7770039F7DD /* Search */ = {
			isa = PBXGroup;
			children = (
				EB07C9782885C7A10039F7DD /* Protocols */,
				EB07C9772885C7990039F7DD /* View */,
				EB07C9762885C78B0039F7DD /* ViewModel */,
				EB07C9752885C7840039F7DD /* Router */,
			);
			path = Search;
			sourceTree = "<group>";
		};
		EB07C9752885C7840039F7DD /* Router */ = {
			isa = PBXGroup;
			children = (
				EB07C9792885C7EC0039F7DD /* SearchRouter.swift */,
			);
			path = Router;
			sourceTree = "<group>";
		};
		EB07C9762885C78B0039F7DD /* ViewModel */ = {
			isa = PBXGroup;
			children = (
				EB07C97B2885C8010039F7DD /* SearchViewModel.swift */,
			);
			path = ViewModel;
			sourceTree = "<group>";
		};
		EB07C9772885C7990039F7DD /* View */ = {
			isa = PBXGroup;
			children = (
				EB07C97D2885C81C0039F7DD /* SearchViewController.swift */,
				EB07C9862885F6BD0039F7DD /* SearchViewController.storyboard */,
			);
			path = View;
			sourceTree = "<group>";
		};
		EB07C9782885C7A10039F7DD /* Protocols */ = {
			isa = PBXGroup;
			children = (
				EB07C97F2885C8430039F7DD /* SearchProtocols.swift */,
			);
			path = Protocols;
			sourceTree = "<group>";
		};
		EB07C9922887A5AB0039F7DD /* Record */ = {
			isa = PBXGroup;
			children = (
				EB07C9962887A5EE0039F7DD /* Protocols */,
				EB07C9952887A5E60039F7DD /* View */,
				EB07C9942887A5D20039F7DD /* ViewModel */,
				EB07C9932887A5C80039F7DD /* Router */,
			);
			path = Record;
			sourceTree = "<group>";
		};
		EB07C9932887A5C80039F7DD /* Router */ = {
			isa = PBXGroup;
			children = (
				EB3FD6EF288F33C200D39B04 /* RecordRouter.swift */,
			);
			path = Router;
			sourceTree = "<group>";
		};
		EB07C9942887A5D20039F7DD /* ViewModel */ = {
			isa = PBXGroup;
			children = (
				EB3FD6ED288F338900D39B04 /* RecordViewModel.swift */,
			);
			path = ViewModel;
			sourceTree = "<group>";
		};
		EB07C9952887A5E60039F7DD /* View */ = {
			isa = PBXGroup;
			children = (
				EB07C9A12887B7B30039F7DD /* TableViewCells */,
				EB3FD6F1288F340B00D39B04 /* RecordViewController.storyboard */,
				EB3FD6F3288F343600D39B04 /* RecordViewController.swift */,
			);
			path = View;
			sourceTree = "<group>";
		};
		EB07C9962887A5EE0039F7DD /* Protocols */ = {
			isa = PBXGroup;
			children = (
				EB3FD6F9288F34DD00D39B04 /* RecordProtocols.swift */,
			);
			path = Protocols;
			sourceTree = "<group>";
		};
		EB07C9A12887B7B30039F7DD /* TableViewCells */ = {
			isa = PBXGroup;
			children = (
				EB3FD6F7288F34B000D39B04 /* RecordTableViewCell.swift */,
				EB3FD6F5288F347F00D39B04 /* RecordTableViewCell.xib */,
			);
			path = TableViewCells;
			sourceTree = "<group>";
		};
		EB2C0DD528821E4100FE7126 /* NetworkManagers */ = {
			isa = PBXGroup;
			children = (
				EB2C0DD628821E5700FE7126 /* Managers */,
				EB2C0DD728821E6700FE7126 /* Services */,
				EB2C0DD828821E8100FE7126 /* ErrorConfiguration */,
			);
			path = NetworkManagers;
			sourceTree = "<group>";
		};
		EB2C0DD628821E5700FE7126 /* Managers */ = {
			isa = PBXGroup;
			children = (
				EB2C0DD928821F4500FE7126 /* MeliNetworkManager.swift */,
			);
			path = Managers;
			sourceTree = "<group>";
		};
		EB2C0DD728821E6700FE7126 /* Services */ = {
			isa = PBXGroup;
			children = (
				EB2C0DDB28821F7D00FE7126 /* Services.swift */,
				EB2C0DDD28821F9400FE7126 /* EndPointType.swift */,
			);
			path = Services;
			sourceTree = "<group>";
		};
		EB2C0DD828821E8100FE7126 /* ErrorConfiguration */ = {
			isa = PBXGroup;
			children = (
				EB2C0DDF28821FC000FE7126 /* ErrorType.swift */,
			);
			path = ErrorConfiguration;
			sourceTree = "<group>";
		};
		EB2C0DE12882330800FE7126 /* Models */ = {
			isa = PBXGroup;
			children = (
				EB2C0DE22882333300FE7126 /* ResponseMeli.swift */,
				EB2C0DE42882346F00FE7126 /* Product.swift */,
			);
			path = Models;
			sourceTree = "<group>";
		};
		EB2C0DF82883AC5A00FE7126 /* ProductDetail */ = {
			isa = PBXGroup;
			children = (
				EB2C0DFC2883AC8C00FE7126 /* Protocols */,
				EB2C0DFB2883AC7E00FE7126 /* View */,
				EB2C0DFA2883AC7300FE7126 /* ViewModel */,
				EB2C0DF92883AC6B00FE7126 /* Router */,
			);
			path = ProductDetail;
			sourceTree = "<group>";
		};
		EB2C0DF92883AC6B00FE7126 /* Router */ = {
			isa = PBXGroup;
			children = (
				EB3FD6FB288F352100D39B04 /* ProductDetailRouter.swift */,
			);
			path = Router;
			sourceTree = "<group>";
		};
		EB2C0DFA2883AC7300FE7126 /* ViewModel */ = {
			isa = PBXGroup;
			children = (
				EB3FD6FD288F355400D39B04 /* ProductDetailViewModel.swift */,
			);
			path = ViewModel;
			sourceTree = "<group>";
		};
		EB2C0DFB2883AC7E00FE7126 /* View */ = {
			isa = PBXGroup;
			children = (
				EB3FD703288F35CF00D39B04 /* ProductDetailViewController.storyboard */,
				EB3FD701288F35B300D39B04 /* ProductDetailViewController.swift */,
			);
			path = View;
			sourceTree = "<group>";
		};
		EB2C0DFC2883AC8C00FE7126 /* Protocols */ = {
			isa = PBXGroup;
			children = (
				EB3FD6FF288F358E00D39B04 /* ProductDetailProtocols.swift */,
			);
			path = Protocols;
			sourceTree = "<group>";
		};
		EB3FD7052890425100D39B04 /* Helper */ = {
			isa = PBXGroup;
			children = (
				EB3FD706289042C700D39B04 /* HelperRecord.swift */,
			);
			path = Helper;
			sourceTree = "<group>";
		};
		EB3FD70A2890D96000D39B04 /* Appearance */ = {
			isa = PBXGroup;
			children = (
				EB3FD70B2890D96B00D39B04 /* TableViewCell */,
			);
			path = Appearance;
			sourceTree = "<group>";
		};
		EB3FD70B2890D96B00D39B04 /* TableViewCell */ = {
			isa = PBXGroup;
			children = (
				EB01B0502880BD270003BE6D /* ProductTableViewCell */,
			);
			path = TableViewCell;
			sourceTree = "<group>";
		};
/* End PBXGroup section */

/* Begin PBXNativeTarget section */
		EB01B022287F0A4E0003BE6D /* Prueba Meli */ = {
			isa = PBXNativeTarget;
			buildConfigurationList = EB01B037287F0A510003BE6D /* Build configuration list for PBXNativeTarget "Prueba Meli" */;
			buildPhases = (
				1CBFFD7AA6D24E31372C2FCA /* [CP] Check Pods Manifest.lock */,
				EB01B01F287F0A4E0003BE6D /* Sources */,
				EB01B020287F0A4E0003BE6D /* Frameworks */,
				EB01B021287F0A4E0003BE6D /* Resources */,
			);
			buildRules = (
			);
			dependencies = (
			);
			name = "Prueba Meli";
			productName = "Prueba Meli";
			productReference = EB01B023287F0A4E0003BE6D /* Prueba Meli.app */;
			productType = "com.apple.product-type.application";
		};
/* End PBXNativeTarget section */

/* Begin PBXProject section */
		EB01B01B287F0A4E0003BE6D /* Project object */ = {
			isa = PBXProject;
			attributes = {
				BuildIndependentTargetsInParallel = 1;
				LastSwiftUpdateCheck = 1300;
				LastUpgradeCheck = 1300;
				TargetAttributes = {
					EB01B022287F0A4E0003BE6D = {
						CreatedOnToolsVersion = 13.0;
					};
				};
			};
			buildConfigurationList = EB01B01E287F0A4E0003BE6D /* Build configuration list for PBXProject "Prueba Meli" */;
			compatibilityVersion = "Xcode 13.0";
			developmentRegion = en;
			hasScannedForEncodings = 0;
			knownRegions = (
				en,
				Base,
			);
			mainGroup = EB01B01A287F0A4E0003BE6D;
			productRefGroup = EB01B024287F0A4E0003BE6D /* Products */;
			projectDirPath = "";
			projectRoot = "";
			targets = (
				EB01B022287F0A4E0003BE6D /* Prueba Meli */,
			);
		};
/* End PBXProject section */

/* Begin PBXResourcesBuildPhase section */
		EB01B021287F0A4E0003BE6D /* Resources */ = {
			isa = PBXResourcesBuildPhase;
			buildActionMask = 2147483647;
			files = (
				EB3FD704288F35CF00D39B04 /* ProductDetailViewController.storyboard in Resources */,
				EB01B042288070D80003BE6D /* HomeViewController.storyboard in Resources */,
				EB01B0542880BD810003BE6D /* ProductTableViewCell.xib in Resources */,
				EB3FD6F6288F347F00D39B04 /* RecordTableViewCell.xib in Resources */,
				EB01B033287F0A500003BE6D /* LaunchScreen.storyboard in Resources */,
				EB3FD6F2288F340B00D39B04 /* RecordViewController.storyboard in Resources */,
				EB01B030287F0A500003BE6D /* Assets.xcassets in Resources */,
				EB07C9872885F6BD0039F7DD /* SearchViewController.storyboard in Resources */,
			);
			runOnlyForDeploymentPostprocessing = 0;
		};
/* End PBXResourcesBuildPhase section */

/* Begin PBXShellScriptBuildPhase section */
		1CBFFD7AA6D24E31372C2FCA /* [CP] Check Pods Manifest.lock */ = {
			isa = PBXShellScriptBuildPhase;
			buildActionMask = 2147483647;
			files = (
			);
			inputFileListPaths = (
			);
			inputPaths = (
				"${PODS_PODFILE_DIR_PATH}/Podfile.lock",
				"${PODS_ROOT}/Manifest.lock",
			);
			name = "[CP] Check Pods Manifest.lock";
			outputFileListPaths = (
			);
			outputPaths = (
				"$(DERIVED_FILE_DIR)/Pods-Prueba Meli-checkManifestLockResult.txt",
			);
			runOnlyForDeploymentPostprocessing = 0;
			shellPath = /bin/sh;
			shellScript = "diff \"${PODS_PODFILE_DIR_PATH}/Podfile.lock\" \"${PODS_ROOT}/Manifest.lock\" > /dev/null\nif [ $? != 0 ] ; then\n    # print error to STDERR\n    echo \"error: The sandbox is not in sync with the Podfile.lock. Run 'pod install' or update your CocoaPods installation.\" >&2\n    exit 1\nfi\n# This output is used by Xcode 'outputs' to avoid re-running this script phase.\necho \"SUCCESS\" > \"${SCRIPT_OUTPUT_FILE_0}\"\n";
			showEnvVarsInLog = 0;
		};
/* End PBXShellScriptBuildPhase section */

/* Begin PBXSourcesBuildPhase section */
		EB01B01F287F0A4E0003BE6D /* Sources */ = {
			isa = PBXSourcesBuildPhase;
			buildActionMask = 2147483647;
			files = (
				EB2C0DE728832F7700FE7126 /* UIImageView+Extension.swift in Sources */,
				EB3FD6F0288F33C200D39B04 /* RecordRouter.swift in Sources */,
				EB01B0462880713A0003BE6D /* HomeRouter.swift in Sources */,
				EB07C97A2885C7EC0039F7DD /* SearchRouter.swift in Sources */,
				EB07C9732884CDFD0039F7DD /* Double+Extension.swift in Sources */,
				EB01B0532880BD810003BE6D /* ProductTableViewCell.swift in Sources */,
				EB2C0DDA28821F4500FE7126 /* MeliNetworkManager.swift in Sources */,
				EB01B027287F0A4E0003BE6D /* AppDelegate.swift in Sources */,
				EB3FD6FA288F34DD00D39B04 /* RecordProtocols.swift in Sources */,
				EB3FD6F8288F34B000D39B04 /* RecordTableViewCell.swift in Sources */,
				EB3FD700288F358E00D39B04 /* ProductDetailProtocols.swift in Sources */,
				EB01B04E28807AF50003BE6D /* UIViewController+Extension.swift in Sources */,
				EB2C0DDE28821F9400FE7126 /* EndPointType.swift in Sources */,
				EB2C0DDC28821F7D00FE7126 /* Services.swift in Sources */,
				EB01B029287F0A4E0003BE6D /* SceneDelegate.swift in Sources */,
				EB01B044288071220003BE6D /* HomeViewModel.swift in Sources */,
				EB3FD6FC288F352100D39B04 /* ProductDetailRouter.swift in Sources */,
				EB3FD702288F35B300D39B04 /* ProductDetailViewController.swift in Sources */,
				EB07C97C2885C8010039F7DD /* SearchViewModel.swift in Sources */,
				EB2C0DE32882333300FE7126 /* ResponseMeli.swift in Sources */,
				EB2C0DE9288390F600FE7126 /* UINavigationController+Extension.swift in Sources */,
				EB07C97E2885C81C0039F7DD /* SearchViewController.swift in Sources */,
				EB3FD6EE288F338900D39B04 /* RecordViewModel.swift in Sources */,
				EB3FD70928904D1600D39B04 /* Array+extension.swift in Sources */,
				EB3FD6FE288F355400D39B04 /* ProductDetailViewModel.swift in Sources */,
				EB3FD707289042C700D39B04 /* HelperRecord.swift in Sources */,
				EB01B049288075AB0003BE6D /* HomeProtocols.swift in Sources */,
				EB2C0DE028821FC000FE7126 /* ErrorType.swift in Sources */,
				EB07C9802885C8430039F7DD /* SearchProtocols.swift in Sources */,
				EB3FD6F4288F343600D39B04 /* RecordViewController.swift in Sources */,
				EB01B040288070BD0003BE6D /* HomeViewController.swift in Sources */,
				EB2C0DE52882346F00FE7126 /* Product.swift in Sources */,
			);
			runOnlyForDeploymentPostprocessing = 0;
		};
/* End PBXSourcesBuildPhase section */

/* Begin PBXVariantGroup section */
		EB01B031287F0A500003BE6D /* LaunchScreen.storyboard */ = {
			isa = PBXVariantGroup;
			children = (
				EB01B032287F0A500003BE6D /* Base */,
			);
			name = LaunchScreen.storyboard;
			sourceTree = "<group>";
		};
/* End PBXVariantGroup section */

/* Begin XCBuildConfiguration section */
		EB01B035287F0A510003BE6D /* Debug */ = {
			isa = XCBuildConfiguration;
			buildSettings = {
				ALWAYS_SEARCH_USER_PATHS = NO;
				CLANG_ANALYZER_NONNULL = YES;
				CLANG_ANALYZER_NUMBER_OBJECT_CONVERSION = YES_AGGRESSIVE;
				CLANG_CXX_LANGUAGE_STANDARD = "gnu++17";
				CLANG_CXX_LIBRARY = "libc++";
				CLANG_ENABLE_MODULES = YES;
				CLANG_ENABLE_OBJC_ARC = YES;
				CLANG_ENABLE_OBJC_WEAK = YES;
				CLANG_WARN_BLOCK_CAPTURE_AUTORELEASING = YES;
				CLANG_WARN_BOOL_CONVERSION = YES;
				CLANG_WARN_COMMA = YES;
				CLANG_WARN_CONSTANT_CONVERSION = YES;
				CLANG_WARN_DEPRECATED_OBJC_IMPLEMENTATIONS = YES;
				CLANG_WARN_DIRECT_OBJC_ISA_USAGE = YES_ERROR;
				CLANG_WARN_DOCUMENTATION_COMMENTS = YES;
				CLANG_WARN_EMPTY_BODY = YES;
				CLANG_WARN_ENUM_CONVERSION = YES;
				CLANG_WARN_INFINITE_RECURSION = YES;
				CLANG_WARN_INT_CONVERSION = YES;
				CLANG_WARN_NON_LITERAL_NULL_CONVERSION = YES;
				CLANG_WARN_OBJC_IMPLICIT_RETAIN_SELF = YES;
				CLANG_WARN_OBJC_LITERAL_CONVERSION = YES;
				CLANG_WARN_OBJC_ROOT_CLASS = YES_ERROR;
				CLANG_WARN_QUOTED_INCLUDE_IN_FRAMEWORK_HEADER = YES;
				CLANG_WARN_RANGE_LOOP_ANALYSIS = YES;
				CLANG_WARN_STRICT_PROTOTYPES = YES;
				CLANG_WARN_SUSPICIOUS_MOVE = YES;
				CLANG_WARN_UNGUARDED_AVAILABILITY = YES_AGGRESSIVE;
				CLANG_WARN_UNREACHABLE_CODE = YES;
				CLANG_WARN__DUPLICATE_METHOD_MATCH = YES;
				COPY_PHASE_STRIP = NO;
				DEBUG_INFORMATION_FORMAT = dwarf;
				ENABLE_STRICT_OBJC_MSGSEND = YES;
				ENABLE_TESTABILITY = YES;
				GCC_C_LANGUAGE_STANDARD = gnu11;
				GCC_DYNAMIC_NO_PIC = NO;
				GCC_NO_COMMON_BLOCKS = YES;
				GCC_OPTIMIZATION_LEVEL = 0;
				GCC_PREPROCESSOR_DEFINITIONS = (
					"DEBUG=1",
					"$(inherited)",
				);
				GCC_WARN_64_TO_32_BIT_CONVERSION = YES;
				GCC_WARN_ABOUT_RETURN_TYPE = YES_ERROR;
				GCC_WARN_UNDECLARED_SELECTOR = YES;
				GCC_WARN_UNINITIALIZED_AUTOS = YES_AGGRESSIVE;
				GCC_WARN_UNUSED_FUNCTION = YES;
				GCC_WARN_UNUSED_VARIABLE = YES;
				IPHONEOS_DEPLOYMENT_TARGET = 15.0;
				MTL_ENABLE_DEBUG_INFO = INCLUDE_SOURCE;
				MTL_FAST_MATH = YES;
				ONLY_ACTIVE_ARCH = YES;
				SDKROOT = iphoneos;
				SWIFT_ACTIVE_COMPILATION_CONDITIONS = DEBUG;
				SWIFT_OPTIMIZATION_LEVEL = "-Onone";
			};
			name = Debug;
		};
		EB01B036287F0A510003BE6D /* Release */ = {
			isa = XCBuildConfiguration;
			buildSettings = {
				ALWAYS_SEARCH_USER_PATHS = NO;
				CLANG_ANALYZER_NONNULL = YES;
				CLANG_ANALYZER_NUMBER_OBJECT_CONVERSION = YES_AGGRESSIVE;
				CLANG_CXX_LANGUAGE_STANDARD = "gnu++17";
				CLANG_CXX_LIBRARY = "libc++";
				CLANG_ENABLE_MODULES = YES;
				CLANG_ENABLE_OBJC_ARC = YES;
				CLANG_ENABLE_OBJC_WEAK = YES;
				CLANG_WARN_BLOCK_CAPTURE_AUTORELEASING = YES;
				CLANG_WARN_BOOL_CONVERSION = YES;
				CLANG_WARN_COMMA = YES;
				CLANG_WARN_CONSTANT_CONVERSION = YES;
				CLANG_WARN_DEPRECATED_OBJC_IMPLEMENTATIONS = YES;
				CLANG_WARN_DIRECT_OBJC_ISA_USAGE = YES_ERROR;
				CLANG_WARN_DOCUMENTATION_COMMENTS = YES;
				CLANG_WARN_EMPTY_BODY = YES;
				CLANG_WARN_ENUM_CONVERSION = YES;
				CLANG_WARN_INFINITE_RECURSION = YES;
				CLANG_WARN_INT_CONVERSION = YES;
				CLANG_WARN_NON_LITERAL_NULL_CONVERSION = YES;
				CLANG_WARN_OBJC_IMPLICIT_RETAIN_SELF = YES;
				CLANG_WARN_OBJC_LITERAL_CONVERSION = YES;
				CLANG_WARN_OBJC_ROOT_CLASS = YES_ERROR;
				CLANG_WARN_QUOTED_INCLUDE_IN_FRAMEWORK_HEADER = YES;
				CLANG_WARN_RANGE_LOOP_ANALYSIS = YES;
				CLANG_WARN_STRICT_PROTOTYPES = YES;
				CLANG_WARN_SUSPICIOUS_MOVE = YES;
				CLANG_WARN_UNGUARDED_AVAILABILITY = YES_AGGRESSIVE;
				CLANG_WARN_UNREACHABLE_CODE = YES;
				CLANG_WARN__DUPLICATE_METHOD_MATCH = YES;
				COPY_PHASE_STRIP = NO;
				DEBUG_INFORMATION_FORMAT = "dwarf-with-dsym";
				ENABLE_NS_ASSERTIONS = NO;
				ENABLE_STRICT_OBJC_MSGSEND = YES;
				GCC_C_LANGUAGE_STANDARD = gnu11;
				GCC_NO_COMMON_BLOCKS = YES;
				GCC_WARN_64_TO_32_BIT_CONVERSION = YES;
				GCC_WARN_ABOUT_RETURN_TYPE = YES_ERROR;
				GCC_WARN_UNDECLARED_SELECTOR = YES;
				GCC_WARN_UNINITIALIZED_AUTOS = YES_AGGRESSIVE;
				GCC_WARN_UNUSED_FUNCTION = YES;
				GCC_WARN_UNUSED_VARIABLE = YES;
				IPHONEOS_DEPLOYMENT_TARGET = 15.0;
				MTL_ENABLE_DEBUG_INFO = NO;
				MTL_FAST_MATH = YES;
				SDKROOT = iphoneos;
				SWIFT_COMPILATION_MODE = wholemodule;
				SWIFT_OPTIMIZATION_LEVEL = "-O";
				VALIDATE_PRODUCT = YES;
			};
			name = Release;
		};
		EB01B038287F0A510003BE6D /* Debug */ = {
			isa = XCBuildConfiguration;
			baseConfigurationReference = F76443A2A4BB05FA63DF3F91 /* Pods-Prueba Meli.debug.xcconfig */;
			buildSettings = {
				ASSETCATALOG_COMPILER_APPICON_NAME = AppIcon;
				ASSETCATALOG_COMPILER_GLOBAL_ACCENT_COLOR_NAME = AccentColor;
				CODE_SIGN_STYLE = Automatic;
				CURRENT_PROJECT_VERSION = 1;
				GENERATE_INFOPLIST_FILE = YES;
				INFOPLIST_FILE = "Prueba Meli/Info.plist";
				INFOPLIST_KEY_UIApplicationSupportsIndirectInputEvents = YES;
				INFOPLIST_KEY_UILaunchStoryboardName = LaunchScreen;
				INFOPLIST_KEY_UISupportedInterfaceOrientations_iPad = "UIInterfaceOrientationPortrait UIInterfaceOrientationPortraitUpsideDown UIInterfaceOrientationLandscapeLeft UIInterfaceOrientationLandscapeRight";
				INFOPLIST_KEY_UISupportedInterfaceOrientations_iPhone = "UIInterfaceOrientationPortrait UIInterfaceOrientationLandscapeLeft UIInterfaceOrientationLandscapeRight";
				LD_RUNPATH_SEARCH_PATHS = (
					"$(inherited)",
					"@executable_path/Frameworks",
				);
				MARKETING_VERSION = 1.0;
				PRODUCT_BUNDLE_IDENTIFIER = "Valentina.Prueba-Meli";
				PRODUCT_NAME = "$(TARGET_NAME)";
				SWIFT_EMIT_LOC_STRINGS = YES;
				SWIFT_VERSION = 5.0;
				TARGETED_DEVICE_FAMILY = 1;
			};
			name = Debug;
		};
		EB01B039287F0A510003BE6D /* Release */ = {
			isa = XCBuildConfiguration;
			baseConfigurationReference = 274946A6655FC90682D4784F /* Pods-Prueba Meli.release.xcconfig */;
			buildSettings = {
				ASSETCATALOG_COMPILER_APPICON_NAME = AppIcon;
				ASSETCATALOG_COMPILER_GLOBAL_ACCENT_COLOR_NAME = AccentColor;
				CODE_SIGN_STYLE = Automatic;
				CURRENT_PROJECT_VERSION = 1;
				GENERATE_INFOPLIST_FILE = YES;
				INFOPLIST_FILE = "Prueba Meli/Info.plist";
				INFOPLIST_KEY_UIApplicationSupportsIndirectInputEvents = YES;
				INFOPLIST_KEY_UILaunchStoryboardName = LaunchScreen;
				INFOPLIST_KEY_UISupportedInterfaceOrientations_iPad = "UIInterfaceOrientationPortrait UIInterfaceOrientationPortraitUpsideDown UIInterfaceOrientationLandscapeLeft UIInterfaceOrientationLandscapeRight";
				INFOPLIST_KEY_UISupportedInterfaceOrientations_iPhone = "UIInterfaceOrientationPortrait UIInterfaceOrientationLandscapeLeft UIInterfaceOrientationLandscapeRight";
				LD_RUNPATH_SEARCH_PATHS = (
					"$(inherited)",
					"@executable_path/Frameworks",
				);
				MARKETING_VERSION = 1.0;
				PRODUCT_BUNDLE_IDENTIFIER = "Valentina.Prueba-Meli";
				PRODUCT_NAME = "$(TARGET_NAME)";
				SWIFT_EMIT_LOC_STRINGS = YES;
				SWIFT_VERSION = 5.0;
				TARGETED_DEVICE_FAMILY = 1;
			};
			name = Release;
		};
/* End XCBuildConfiguration section */

/* Begin XCConfigurationList section */
		EB01B01E287F0A4E0003BE6D /* Build configuration list for PBXProject "Prueba Meli" */ = {
			isa = XCConfigurationList;
			buildConfigurations = (
				EB01B035287F0A510003BE6D /* Debug */,
				EB01B036287F0A510003BE6D /* Release */,
			);
			defaultConfigurationIsVisible = 0;
			defaultConfigurationName = Release;
		};
		EB01B037287F0A510003BE6D /* Build configuration list for PBXNativeTarget "Prueba Meli" */ = {
			isa = XCConfigurationList;
			buildConfigurations = (
				EB01B038287F0A510003BE6D /* Debug */,
				EB01B039287F0A510003BE6D /* Release */,
			);
			defaultConfigurationIsVisible = 0;
			defaultConfigurationName = Release;
		};
/* End XCConfigurationList section */
	};
	rootObject = EB01B01B287F0A4E0003BE6D /* Project object */;
}
